
Microsoft Visual Studio Solution File, Format Version 12.00
# Visual Studio Version 17
VisualStudioVersion = 17.4.33213.308
MinimumVisualStudioVersion = 10.0.40219.1
Project("{FAE04EC0-301F-11D3-BF4B-00C04F79EFBC}") = "BasicAuthIdentity", "BasicAuthIdentity.csproj", "{B5D520CE-C3C5-46A8-9B4F-2A5964565732}"
EndProject
Global
	GlobalSection(SolutionConfigurationPlatforms) = preSolution
		Debug|Any CPU = Debug|Any CPU
		Release|Any CPU = Release|Any CPU
	EndGlobalSection
	GlobalSection(ProjectConfigurationPlatforms) = postSolution
		{B5D520CE-C3C5-46A8-9B4F-2A5964565732}.Debug|Any CPU.ActiveCfg = Debug|Any CPU
		{B5D520CE-C3C5-46A8-9B4F-2A5964565732}.Debug|Any CPU.Build.0 = Debug|Any CPU
		{B5D520CE-C3C5-46A8-9B4F-2A5964565732}.Release|Any CPU.ActiveCfg = Release|Any CPU
		{B5D520CE-C3C5-46A8-9B4F-2A5964565732}.Release|Any CPU.Build.0 = Release|Any CPU
	EndGlobalSection
	GlobalSection(SolutionProperties) = preSolution
		HideSolutionNode = FALSE
	EndGlobalSection
	GlobalSection(ExtensibilityGlobals) = postSolution
		SolutionGuid = {06B6646E-8811-4A75-9571-12C8561C2442}
	EndGlobalSection
EndGlobal
